// !$*UTF8*$!
{
	archiveVersion = 1;
	classes = {
	};
	objectVersion = 46;
	objects = {

/* Begin PBXBuildFile section */
		546D926E19E22BF80079EF7A /* AppDelegate.swift in Sources */ = {isa = PBXBuildFile; fileRef = 546D926D19E22BF80079EF7A /* AppDelegate.swift */; };
		546D927019E22BF80079EF7A /* ViewController.swift in Sources */ = {isa = PBXBuildFile; fileRef = 546D926F19E22BF80079EF7A /* ViewController.swift */; };
		546D927319E22BF80079EF7A /* Main.storyboard in Resources */ = {isa = PBXBuildFile; fileRef = 546D927119E22BF80079EF7A /* Main.storyboard */; };
		546D927519E22BF80079EF7A /* Images.xcassets in Resources */ = {isa = PBXBuildFile; fileRef = 546D927419E22BF80079EF7A /* Images.xcassets */; };
		546D927819E22BF80079EF7A /* LaunchScreen.xib in Resources */ = {isa = PBXBuildFile; fileRef = 546D927619E22BF80079EF7A /* LaunchScreen.xib */; };
		546D928419E22BF80079EF7A /* SamplePresentationTests.swift in Sources */ = {isa = PBXBuildFile; fileRef = 546D928319E22BF80079EF7A /* SamplePresentationTests.swift */; };
		546D928E19E22F380079EF7A /* TableViewController.swift in Sources */ = {isa = PBXBuildFile; fileRef = 546D928D19E22F380079EF7A /* TableViewController.swift */; };
/* End PBXBuildFile section */

/* Begin PBXContainerItemProxy section */
		546D927E19E22BF80079EF7A /* PBXContainerItemProxy */ = {
			isa = PBXContainerItemProxy;
			containerPortal = 546D926019E22BF80079EF7A /* Project object */;
			proxyType = 1;
			remoteGlobalIDString = 546D926719E22BF80079EF7A;
			remoteInfo = SamplePresentation;
		};
/* End PBXContainerItemProxy section */

/* Begin PBXFileReference section */
		546D926819E22BF80079EF7A /* SamplePresentation.app */ = {isa = PBXFileReference; explicitFileType = wrapper.application; includeInIndex = 0; path = SamplePresentation.app; sourceTree = BUILT_PRODUCTS_DIR; };
		546D926C19E22BF80079EF7A /* Info.plist */ = {isa = PBXFileReference; lastKnownFileType = text.plist.xml; path = Info.plist; sourceTree = "<group>"; };
		546D926D19E22BF80079EF7A /* AppDelegate.swift */ = {isa = PBXFileReference; lastKnownFileType = sourcecode.swift; path = AppDelegate.swift; sourceTree = "<group>"; };
		546D926F19E22BF80079EF7A /* ViewController.swift */ = {isa = PBXFileReference; lastKnownFileType = sourcecode.swift; path = ViewController.swift; sourceTree = "<group>"; };
		546D927219E22BF80079EF7A /* Base */ = {isa = PBXFileReference; lastKnownFileType = file.storyboard; name = Base; path = Base.lproj/Main.storyboard; sourceTree = "<group>"; };
		546D927419E22BF80079EF7A /* Images.xcassets */ = {isa = PBXFileReference; lastKnownFileType = folder.assetcatalog; path = Images.xcassets; sourceTree = "<group>"; };
		546D927719E22BF80079EF7A /* Base */ = {isa = PBXFileReference; lastKnownFileType = file.xib; name = Base; path = Base.lproj/LaunchScreen.xib; sourceTree = "<group>"; };
		546D927D19E22BF80079EF7A /* SamplePresentationTests.xctest */ = {isa = PBXFileReference; explicitFileType = wrapper.cfbundle; includeInIndex = 0; path = SamplePresentationTests.xctest; sourceTree = BUILT_PRODUCTS_DIR; };
		546D928219E22BF80079EF7A /* Info.plist */ = {isa = PBXFileReference; lastKnownFileType = text.plist.xml; path = Info.plist; sourceTree = "<group>"; };
		546D928319E22BF80079EF7A /* SamplePresentationTests.swift */ = {isa = PBXFileReference; lastKnownFileType = sourcecode.swift; path = SamplePresentationTests.swift; sourceTree = "<group>"; };
		546D928D19E22F380079EF7A /* TableViewController.swift */ = {isa = PBXFileReference; fileEncoding = 4; lastKnownFileType = sourcecode.swift; path = TableViewController.swift; sourceTree = "<group>"; };
/* End PBXFileReference section */

/* Begin PBXFrameworksBuildPhase section */
		546D926519E22BF80079EF7A /* Frameworks */ = {
			isa = PBXFrameworksBuildPhase;
			buildActionMask = 2147483647;
			files = (
			);
			runOnlyForDeploymentPostprocessing = 0;
		};
		546D927A19E22BF80079EF7A /* Frameworks */ = {
			isa = PBXFrameworksBuildPhase;
			buildActionMask = 2147483647;
			files = (
			);
			runOnlyForDeploymentPostprocessing = 0;
		};
/* End PBXFrameworksBuildPhase section */

/* Begin PBXGroup section */
		546D925F19E22BF80079EF7A = {
			isa = PBXGroup;
			children = (
				546D926A19E22BF80079EF7A /* SamplePresentation */,
				546D928019E22BF80079EF7A /* SamplePresentationTests */,
				546D926919E22BF80079EF7A /* Products */,
			);
			sourceTree = "<group>";
		};
		546D926919E22BF80079EF7A /* Products */ = {
			isa = PBXGroup;
			children = (
				546D926819E22BF80079EF7A /* SamplePresentation.app */,
				546D927D19E22BF80079EF7A /* SamplePresentationTests.xctest */,
			);
			name = Products;
			sourceTree = "<group>";
		};
		546D926A19E22BF80079EF7A /* SamplePresentation */ = {
			isa = PBXGroup;
			children = (
				546D926D19E22BF80079EF7A /* AppDelegate.swift */,
				546D926F19E22BF80079EF7A /* ViewController.swift */,
				546D928D19E22F380079EF7A /* TableViewController.swift */,
				546D927119E22BF80079EF7A /* Main.storyboard */,
				546D927419E22BF80079EF7A /* Images.xcassets */,
				546D927619E22BF80079EF7A /* LaunchScreen.xib */,
				546D926B19E22BF80079EF7A /* Supporting Files */,
			);
			path = SamplePresentation;
			sourceTree = "<group>";
		};
		546D926B19E22BF80079EF7A /* Supporting Files */ = {
			isa = PBXGroup;
			children = (
				546D926C19E22BF80079EF7A /* Info.plist */,
			);
			name = "Supporting Files";
			sourceTree = "<group>";
		};
		546D928019E22BF80079EF7A /* SamplePresentationTests */ = {
			isa = PBXGroup;
			children = (
				546D928319E22BF80079EF7A /* SamplePresentationTests.swift */,
				546D928119E22BF80079EF7A /* Supporting Files */,
			);
			path = SamplePresentationTests;
			sourceTree = "<group>";
		};
		546D928119E22BF80079EF7A /* Supporting Files */ = {
			isa = PBXGroup;
			children = (
				546D928219E22BF80079EF7A /* Info.plist */,
			);
			name = "Supporting Files";
			sourceTree = "<group>";
		};
/* End PBXGroup section */

/* Begin PBXNativeTarget section */
		546D926719E22BF80079EF7A /* SamplePresentation */ = {
			isa = PBXNativeTarget;
			buildConfigurationList = 546D928719E22BF80079EF7A /* Build configuration list for PBXNativeTarget "SamplePresentation" */;
			buildPhases = (
				546D926419E22BF80079EF7A /* Sources */,
				546D926519E22BF80079EF7A /* Frameworks */,
				546D926619E22BF80079EF7A /* Resources */,
			);
			buildRules = (
			);
			dependencies = (
			);
			name = SamplePresentation;
			productName = SamplePresentation;
			productReference = 546D926819E22BF80079EF7A /* SamplePresentation.app */;
			productType = "com.apple.product-type.application";
		};
		546D927C19E22BF80079EF7A /* SamplePresentationTests */ = {
			isa = PBXNativeTarget;
			buildConfigurationList = 546D928A19E22BF80079EF7A /* Build configuration list for PBXNativeTarget "SamplePresentationTests" */;
			buildPhases = (
				546D927919E22BF80079EF7A /* Sources */,
				546D927A19E22BF80079EF7A /* Frameworks */,
				546D927B19E22BF80079EF7A /* Resources */,
			);
			buildRules = (
			);
			dependencies = (
				546D927F19E22BF80079EF7A /* PBXTargetDependency */,
			);
			name = SamplePresentationTests;
			productName = SamplePresentationTests;
			productReference = 546D927D19E22BF80079EF7A /* SamplePresentationTests.xctest */;
			productType = "com.apple.product-type.bundle.unit-test";
		};
/* End PBXNativeTarget section */

/* Begin PBXProject section */
		546D926019E22BF80079EF7A /* Project object */ = {
			isa = PBXProject;
			attributes = {
				LastUpgradeCheck = 0600;
				ORGANIZATIONNAME = "underscore, Inc";
				TargetAttributes = {
					546D926719E22BF80079EF7A = {
						CreatedOnToolsVersion = 6.0.1;
					};
					546D927C19E22BF80079EF7A = {
						CreatedOnToolsVersion = 6.0.1;
						TestTargetID = 546D926719E22BF80079EF7A;
					};
				};
			};
			buildConfigurationList = 546D926319E22BF80079EF7A /* Build configuration list for PBXProject "SamplePresentation" */;
			compatibilityVersion = "Xcode 3.2";
			developmentRegion = English;
			hasScannedForEncodings = 0;
			knownRegions = (
				en,
				Base,
			);
			mainGroup = 546D925F19E22BF80079EF7A;
			productRefGroup = 546D926919E22BF80079EF7A /* Products */;
			projectDirPath = "";
			projectRoot = "";
			targets = (
				546D926719E22BF80079EF7A /* SamplePresentation */,
				546D927C19E22BF80079EF7A /* SamplePresentationTests */,
			);
		};
/* End PBXProject section */

/* Begin PBXResourcesBuildPhase section */
		546D926619E22BF80079EF7A /* Resources */ = {
			isa = PBXResourcesBuildPhase;
			buildActionMask = 2147483647;
			files = (
				546D927319E22BF80079EF7A /* Main.storyboard in Resources */,
				546D927819E22BF80079EF7A /* LaunchScreen.xib in Resources */,
				546D927519E22BF80079EF7A /* Images.xcassets in Resources */,
			);
			runOnlyForDeploymentPostprocessing = 0;
		};
		546D927B19E22BF80079EF7A /* Resources */ = {
			isa = PBXResourcesBuildPhase;
			buildActionMask = 2147483647;
			files = (
			);
			runOnlyForDeploymentPostprocessing = 0;
		};
/* End PBXResourcesBuildPhase section */

/* Begin PBXSourcesBuildPhase section */
		546D926419E22BF80079EF7A /* Sources */ = {
			isa = PBXSourcesBuildPhase;
			buildActionMask = 2147483647;
			files = (
				546D927019E22BF80079EF7A /* ViewController.swift in Sources */,
				546D928E19E22F380079EF7A /* TableViewController.swift in Sources */,
				546D926E19E22BF80079EF7A /* AppDelegate.swift in Sources */,
			);
			runOnlyForDeploymentPostprocessing = 0;
		};
		546D927919E22BF80079EF7A /* Sources */ = {
			isa = PBXSourcesBuildPhase;
			buildActionMask = 2147483647;
			files = (
				546D928419E22BF80079EF7A /* SamplePresentationTests.swift in Sources */,
			);
			runOnlyForDeploymentPostprocessing = 0;
		};
/* End PBXSourcesBuildPhase section */

/* Begin PBXTargetDependency section */
		546D927F19E22BF80079EF7A /* PBXTargetDependency */ = {
			isa = PBXTargetDependency;
			target = 546D926719E22BF80079EF7A /* SamplePresentation */;
			targetProxy = 546D927E19E22BF80079EF7A /* PBXContainerItemProxy */;
		};
/* End PBXTargetDependency section */

/* Begin PBXVariantGroup section */
		546D927119E22BF80079EF7A /* Main.storyboard */ = {
			isa = PBXVariantGroup;
			children = (
				546D927219E22BF80079EF7A /* Base */,
			);
			name = Main.storyboard;
			sourceTree = "<group>";
		};
		546D927619E22BF80079EF7A /* LaunchScreen.xib */ = {
			isa = PBXVariantGroup;
			children = (
				546D927719E22BF80079EF7A /* Base */,
			);
			name = LaunchScreen.xib;
			sourceTree = "<group>";
		};
/* End PBXVariantGroup section */

/* Begin XCBuildConfiguration section */
		546D928519E22BF80079EF7A /* Debug */ = {
			isa = XCBuildConfiguration;
			buildSettings = {
				ALWAYS_SEARCH_USER_PATHS = NO;
				CLANG_CXX_LANGUAGE_STANDARD = "gnu++0x";
				CLANG_CXX_LIBRARY = "libc++";
				CLANG_ENABLE_MODULES = YES;
				CLANG_ENABLE_OBJC_ARC = YES;
				CLANG_WARN_BOOL_CONVERSION = YES;
				CLANG_WARN_CONSTANT_CONVERSION = YES;
				CLANG_WARN_DIRECT_OBJC_ISA_USAGE = YES_ERROR;
				CLANG_WARN_EMPTY_BODY = YES;
				CLANG_WARN_ENUM_CONVERSION = YES;
				CLANG_WARN_INT_CONVERSION = YES;
				CLANG_WARN_OBJC_ROOT_CLASS = YES_ERROR;
				CLANG_WARN_UNREACHABLE_CODE = YES;
				CLANG_WARN__DUPLICATE_METHOD_MATCH = YES;
				"CODE_SIGN_IDENTITY[sdk=iphoneos*]" = "iPhone Developer";
				COPY_PHASE_STRIP = NO;
				ENABLE_STRICT_OBJC_MSGSEND = YES;
				GCC_C_LANGUAGE_STANDARD = gnu99;
				GCC_DYNAMIC_NO_PIC = NO;
				GCC_OPTIMIZATION_LEVEL = 0;
				GCC_PREPROCESSOR_DEFINITIONS = (
					"DEBUG=1",
					"$(inherited)",
				);
				GCC_SYMBOLS_PRIVATE_EXTERN = NO;
				GCC_WARN_64_TO_32_BIT_CONVERSION = YES;
				GCC_WARN_ABOUT_RETURN_TYPE = YES_ERROR;
				GCC_WARN_UNDECLARED_SELECTOR = YES;
				GCC_WARN_UNINITIALIZED_AUTOS = YES_AGGRESSIVE;
				GCC_WARN_UNUSED_FUNCTION = YES;
				GCC_WARN_UNUSED_VARIABLE = YES;
				IPHONEOS_DEPLOYMENT_TARGET = 8.0;
				MTL_ENABLE_DEBUG_INFO = YES;
				ONLY_ACTIVE_ARCH = YES;
				SDKROOT = iphoneos;
				SWIFT_OPTIMIZATION_LEVEL = "-Onone";
				TARGETED_DEVICE_FAMILY = "1,2";
			};
			name = Debug;
		};
		546D928619E22BF80079EF7A /* Release */ = {
			isa = XCBuildConfiguration;
			buildSettings = {
				ALWAYS_SEARCH_USER_PATHS = NO;
				CLANG_CXX_LANGUAGE_STANDARD = "gnu++0x";
				CLANG_CXX_LIBRARY = "libc++";
				CLANG_ENABLE_MODULES = YES;
				CLANG_ENABLE_OBJC_ARC = YES;
				CLANG_WARN_BOOL_CONVERSION = YES;
				CLANG_WARN_CONSTANT_CONVERSION = YES;
				CLANG_WARN_DIRECT_OBJC_ISA_USAGE = YES_ERROR;
				CLANG_WARN_EMPTY_BODY = YES;
				CLANG_WARN_ENUM_CONVERSION = YES;
				CLANG_WARN_INT_CONVERSION = YES;
				CLANG_WARN_OBJC_ROOT_CLASS = YES_ERROR;
				CLANG_WARN_UNREACHABLE_CODE = YES;
				CLANG_WARN__DUPLICATE_METHOD_MATCH = YES;
				"CODE_SIGN_IDENTITY[sdk=iphoneos*]" = "iPhone Developer";
				COPY_PHASE_STRIP = YES;
				ENABLE_NS_ASSERTIONS = NO;
				ENABLE_STRICT_OBJC_MSGSEND = YES;
				GCC_C_LANGUAGE_STANDARD = gnu99;
				GCC_WARN_64_TO_32_BIT_CONVERSION = YES;
				GCC_WARN_ABOUT_RETURN_TYPE = YES_ERROR;
				GCC_WARN_UNDECLARED_SELECTOR = YES;
				GCC_WARN_UNINITIALIZED_AUTOS = YES_AGGRESSIVE;
				GCC_WARN_UNUSED_FUNCTION = YES;
				GCC_WARN_UNUSED_VARIABLE = YES;
				IPHONEOS_DEPLOYMENT_TARGET = 8.0;
				MTL_ENABLE_DEBUG_INFO = NO;
				SDKROOT = iphoneos;
				TARGETED_DEVICE_FAMILY = "1,2";
				VALIDATE_PRODUCT = YES;
			};
			name = Release;
		};
		546D928819E22BF80079EF7A /* Debug */ = {
			isa = XCBuildConfiguration;
			buildSettings = {
				ASSETCATALOG_COMPILER_APPICON_NAME = AppIcon;
				INFOPLIST_FILE = SamplePresentation/Info.plist;
				LD_RUNPATH_SEARCH_PATHS = "$(inherited) @executable_path/Frameworks";
				PRODUCT_NAME = "$(TARGET_NAME)";
			};
			name = Debug;
		};
		546D928919E22BF80079EF7A /* Release */ = {
			isa = XCBuildConfiguration;
			buildSettings = {
				ASSETCATALOG_COMPILER_APPICON_NAME = AppIcon;
				INFOPLIST_FILE = SamplePresentation/Info.plist;
				LD_RUNPATH_SEARCH_PATHS = "$(inherited) @executable_path/Frameworks";
				PRODUCT_NAME = "$(TARGET_NAME)";
			};
			name = Release;
		};
		546D928B19E22BF80079EF7A /* Debug */ = {
			isa = XCBuildConfiguration;
			buildSettings = {
				BUNDLE_LOADER = "$(TEST_HOST)";
				FRAMEWORK_SEARCH_PATHS = (
					"$(SDKROOT)/Developer/Library/Frameworks",
					"$(inherited)",
				);
				GCC_PREPROCESSOR_DEFINITIONS = (
					"DEBUG=1",
					"$(inherited)",
				);
				INFOPLIST_FILE = SamplePresentationTests/Info.plist;
				LD_RUNPATH_SEARCH_PATHS = "$(inherited) @executable_path/Frameworks @loader_path/Frameworks";
				PRODUCT_NAME = "$(TARGET_NAME)";
				TEST_HOST = "$(BUILT_PRODUCTS_DIR)/SamplePresentation.app/SamplePresentation";
			};
			name = Debug;
		};
		546D928C19E22BF80079EF7A /* Release */ = {
			isa = XCBuildConfiguration;
			buildSettings = {
				BUNDLE_LOADER = "$(TEST_HOST)";
				FRAMEWORK_SEARCH_PATHS = (
					"$(SDKROOT)/Developer/Library/Frameworks",
					"$(inherited)",
				);
				INFOPLIST_FILE = SamplePresentationTests/Info.plist;
				LD_RUNPATH_SEARCH_PATHS = "$(inherited) @executable_path/Frameworks @loader_path/Frameworks";
				PRODUCT_NAME = "$(TARGET_NAME)";
				TEST_HOST = "$(BUILT_PRODUCTS_DIR)/SamplePresentation.app/SamplePresentation";
			};
			name = Release;
		};
/* End XCBuildConfiguration section */

/* Begin XCConfigurationList section */
		546D926319E22BF80079EF7A /* Build configuration list for PBXProject "SamplePresentation" */ = {
			isa = XCConfigurationList;
			buildConfigurations = (
				546D928519E22BF80079EF7A /* Debug */,
				546D928619E22BF80079EF7A /* Release */,
			);
			defaultConfigurationIsVisible = 0;
			defaultConfigurationName = Release;
		};
		546D928719E22BF80079EF7A /* Build configuration list for PBXNativeTarget "SamplePresentation" */ = {
			isa = XCConfigurationList;
			buildConfigurations = (
				546D928819E22BF80079EF7A /* Debug */,
				546D928919E22BF80079EF7A /* Release */,
			);
			defaultConfigurationIsVisible = 0;
		};
		546D928A19E22BF80079EF7A /* Build configuration list for PBXNativeTarget "SamplePresentationTests" */ = {
			isa = XCConfigurationList;
			buildConfigurations = (
				546D928B19E22BF80079EF7A /* Debug */,
				546D928C19E22BF80079EF7A /* Release */,
			);
			defaultConfigurationIsVisible = 0;
		};
/* End XCConfigurationList section */
	};
	rootObject = 546D926019E22BF80079EF7A /* Project object */;
}
